
Microsoft Visual Studio Solution File, Format Version 12.00
# Visual Studio Version 16
VisualStudioVersion = 16.0.30320.27
MinimumVisualStudioVersion = 10.0.40219.1
Project("{2150E333-8FDC-42A3-9474-1A3956D46DE8}") = "src", "src", "{2B5278D9-1000-4499-86DE-399C22C2D6D6}"
	ProjectSection(SolutionItems) = preProject
		src\SharedObject.cs = src\SharedObject.cs
		src\TemporarySharedMemory.cs = src\TemporarySharedMemory.cs
	EndProjectSection
EndProject
Project("{FAE04EC0-301F-11D3-BF4B-00C04F79EFBC}") = "Atomus.Service.TemporarySharedMemory(dotNet)", "dotNet\Atomus.Service.TemporarySharedMemory(dotNet).csproj", "{0D151622-C346-4EE9-8718-B81D0CFA6B2C}"
EndProject
Project("{FAE04EC0-301F-11D3-BF4B-00C04F79EFBC}") = "Atomus.Service.TemporarySharedMemory(dotNetCore)", "dotNetCore\Atomus.Service.TemporarySharedMemory(dotNetCore).csproj", "{9F3AC1FA-1165-4A9C-B5C6-939C1D29D027}"
EndProject
Project("{FAE04EC0-301F-11D3-BF4B-00C04F79EFBC}") = "Atomus.Service.TemporarySharedMemory(dotNetStandard)", "dotNetStandard\Atomus.Service.TemporarySharedMemory(dotNetStandard).csproj", "{E63B1559-0DB5-4CA9-BE4D-EBD64F95CC9D}"
EndProject
Global
	GlobalSection(SolutionConfigurationPlatforms) = preSolution
		Debug|Any CPU = Debug|Any CPU
		Release|Any CPU = Release|Any CPU
	EndGlobalSection
	GlobalSection(ProjectConfigurationPlatforms) = postSolution
		{0D151622-C346-4EE9-8718-B81D0CFA6B2C}.Debug|Any CPU.ActiveCfg = Debug|Any CPU
		{0D151622-C346-4EE9-8718-B81D0CFA6B2C}.Debug|Any CPU.Build.0 = Debug|Any CPU
		{0D151622-C346-4EE9-8718-B81D0CFA6B2C}.Release|Any CPU.ActiveCfg = Release|Any CPU
		{0D151622-C346-4EE9-8718-B81D0CFA6B2C}.Release|Any CPU.Build.0 = Release|Any CPU
		{9F3AC1FA-1165-4A9C-B5C6-939C1D29D027}.Debug|Any CPU.ActiveCfg = Debug|Any CPU
		{9F3AC1FA-1165-4A9C-B5C6-939C1D29D027}.Debug|Any CPU.Build.0 = Debug|Any CPU
		{9F3AC1FA-1165-4A9C-B5C6-939C1D29D027}.Release|Any CPU.ActiveCfg = Release|Any CPU
		{9F3AC1FA-1165-4A9C-B5C6-939C1D29D027}.Release|Any CPU.Build.0 = Release|Any CPU
		{E63B1559-0DB5-4CA9-BE4D-EBD64F95CC9D}.Debug|Any CPU.ActiveCfg = Debug|Any CPU
		{E63B1559-0DB5-4CA9-BE4D-EBD64F95CC9D}.Debug|Any CPU.Build.0 = Debug|Any CPU
		{E63B1559-0DB5-4CA9-BE4D-EBD64F95CC9D}.Release|Any CPU.ActiveCfg = Release|Any CPU
		{E63B1559-0DB5-4CA9-BE4D-EBD64F95CC9D}.Release|Any CPU.Build.0 = Release|Any CPU
	EndGlobalSection
	GlobalSection(SolutionProperties) = preSolution
		HideSolutionNode = FALSE
	EndGlobalSection
	GlobalSection(ExtensibilityGlobals) = postSolution
		SolutionGuid = {A0EBD38D-6153-4353-BFAC-D8103428F938}
	EndGlobalSection
EndGlobal
